{
  "name": "frontend",
  "lockfileVersion": 3,
  "requires": true,
  "packages": {
    "": {
      "dependencies": {
        "ai-trustchain-backend": "file:../.."
      }
    },
    "../..": {
      "name": "ai-trustchain-backend",
      "version": "1.0.0",
      "license": "ISC",
      "dependencies": {
        "ai-trustchain": "file:../..",
        "cors": "^2.8.5",
        "dotenv": "^16.4.5",
        "ethers": "^6.15.0",
        "express": "^4.18.2",
        "multer": "^2.0.2"
      },
      "devDependencies": {
        "nodemon": "^3.1.0"
      }
    },
    "node_modules/ai-trustchain-backend": {
      "resolved": "../..",
      "link": true
    }
  }
}
